
Microsoft Visual Studio Solution File, Format Version 12.00
# Visual Studio Version 17
VisualStudioVersion = 17.9.34622.214
MinimumVisualStudioVersion = 10.0.40219.1
Project("{FAE04EC0-301F-11D3-BF4B-00C04F79EFBC}") = "HRMS.API", "HRMS.API\HRMS.API.csproj", "{29F8059B-2BCA-474B-9FCD-6F6A422FD52B}"
EndProject
Global
	GlobalSection(SolutionConfigurationPlatforms) = preSolution
		Debug|Any CPU = Debug|Any CPU
		Release|Any CPU = Release|Any CPU
	EndGlobalSection
	GlobalSection(ProjectConfigurationPlatforms) = postSolution
		{29F8059B-2BCA-474B-9FCD-6F6A422FD52B}.Debug|Any CPU.ActiveCfg = Debug|Any CPU
		{29F8059B-2BCA-474B-9FCD-6F6A422FD52B}.Debug|Any CPU.Build.0 = Debug|Any CPU
		{29F8059B-2BCA-474B-9FCD-6F6A422FD52B}.Release|Any CPU.ActiveCfg = Release|Any CPU
		{29F8059B-2BCA-474B-9FCD-6F6A422FD52B}.Release|Any CPU.Build.0 = Release|Any CPU
	EndGlobalSection
	GlobalSection(SolutionProperties) = preSolution
		HideSolutionNode = FALSE
	EndGlobalSection
	GlobalSection(ExtensibilityGlobals) = postSolution
		SolutionGuid = {F3F978A1-194D-4BC8-964E-E3B1780D0493}
	EndGlobalSection
EndGlobal
